
Microsoft Visual Studio Solution File, Format Version 12.00
# Visual Studio Version 17
VisualStudioVersion = 17.9.34723.18
MinimumVisualStudioVersion = 10.0.40219.1
Project("{FAE04EC0-301F-11D3-BF4B-00C04F79EFBC}") = "UltraEditor", "UltraEditor.csproj", "{480AC384-A911-4D21-9B5C-9172CB34239B}"
EndProject
Global
	GlobalSection(SolutionConfigurationPlatforms) = preSolution
		Debug|Any CPU = Debug|Any CPU
		Release|Any CPU = Release|Any CPU
	EndGlobalSection
	GlobalSection(ProjectConfigurationPlatforms) = postSolution
		{480AC384-A911-4D21-9B5C-9172CB34239B}.Debug|Any CPU.ActiveCfg = Debug|Any CPU
		{480AC384-A911-4D21-9B5C-9172CB34239B}.Debug|Any CPU.Build.0 = Debug|Any CPU
		{480AC384-A911-4D21-9B5C-9172CB34239B}.Release|Any CPU.ActiveCfg = Release|Any CPU
		{480AC384-A911-4D21-9B5C-9172CB34239B}.Release|Any CPU.Build.0 = Release|Any CPU
	EndGlobalSection
	GlobalSection(SolutionProperties) = preSolution
		HideSolutionNode = FALSE
	EndGlobalSection
	GlobalSection(ExtensibilityGlobals) = postSolution
		SolutionGuid = {9740E8F7-0CDE-416F-BB95-64F718BA2DD7}
	EndGlobalSection
EndGlobal
